
Microsoft Visual Studio Solution File, Format Version 12.00
# Visual Studio Version 16
VisualStudioVersion = 16.0.31729.503
MinimumVisualStudioVersion = 10.0.40219.1
Project("{FAE04EC0-301F-11D3-BF4B-00C04F79EFBC}") = "restaurant_management", "DoAn-2\restaurant_management.csproj", "{8219BEF4-D405-431C-BF0D-3BEFE6741780}"
EndProject
Global
	GlobalSection(SolutionConfigurationPlatforms) = preSolution
		Debug|Any CPU = Debug|Any CPU
		Release|Any CPU = Release|Any CPU
	EndGlobalSection
	GlobalSection(ProjectConfigurationPlatforms) = postSolution
		{8219BEF4-D405-431C-BF0D-3BEFE6741780}.Debug|Any CPU.ActiveCfg = Debug|Any CPU
		{8219BEF4-D405-431C-BF0D-3BEFE6741780}.Debug|Any CPU.Build.0 = Debug|Any CPU
		{8219BEF4-D405-431C-BF0D-3BEFE6741780}.Release|Any CPU.ActiveCfg = Release|Any CPU
		{8219BEF4-D405-431C-BF0D-3BEFE6741780}.Release|Any CPU.Build.0 = Release|Any CPU
	EndGlobalSection
	GlobalSection(SolutionProperties) = preSolution
		HideSolutionNode = FALSE
	EndGlobalSection
	GlobalSection(ExtensibilityGlobals) = postSolution
		SolutionGuid = {299D4729-E4BC-4A64-B74F-00335F78A339}
	EndGlobalSection
EndGlobal
